
Microsoft Visual Studio Solution File, Format Version 12.00
# Visual Studio Version 16
VisualStudioVersion = 16.0.29613.14
MinimumVisualStudioVersion = 10.0.40219.1
Project("{FAE04EC0-301F-11D3-BF4B-00C04F79EFBC}") = "BaseRevitModeless", "Application\BaseRevitModeless.csproj", "{5BB54742-53DD-4C80-AD27-CBCE62188087}"
EndProject
Global
	GlobalSection(SolutionConfigurationPlatforms) = preSolution
		Debug|Any CPU = Debug|Any CPU
		Release|Any CPU = Release|Any CPU
	EndGlobalSection
	GlobalSection(ProjectConfigurationPlatforms) = postSolution
		{5BB54742-53DD-4C80-AD27-CBCE62188087}.Debug|Any CPU.ActiveCfg = Debug|Any CPU
		{5BB54742-53DD-4C80-AD27-CBCE62188087}.Debug|Any CPU.Build.0 = Debug|Any CPU
		{5BB54742-53DD-4C80-AD27-CBCE62188087}.Release|Any CPU.ActiveCfg = Release|Any CPU
		{5BB54742-53DD-4C80-AD27-CBCE62188087}.Release|Any CPU.Build.0 = Release|Any CPU
	EndGlobalSection
	GlobalSection(SolutionProperties) = preSolution
		HideSolutionNode = FALSE
	EndGlobalSection
	GlobalSection(ExtensibilityGlobals) = postSolution
		SolutionGuid = {B08346A9-8F50-493A-AEEC-1C739A933FC1}
	EndGlobalSection
EndGlobal
